
Microsoft Visual Studio Solution File, Format Version 12.00
# Visual Studio 15
VisualStudioVersion = 15.0.27703.2035
MinimumVisualStudioVersion = 10.0.40219.1
Project("{FAE04EC0-301F-11D3-BF4B-00C04F79EFBC}") = "SecuringAPIWithWindowsAuthentication", "SecuringAPIWithWindowsAuthentication\SecuringAPIWithWindowsAuthentication.csproj", "{D09C89CB-F860-4AF0-A39C-C0F5A77576E4}"
EndProject
Global
	GlobalSection(SolutionConfigurationPlatforms) = preSolution
		Debug|Any CPU = Debug|Any CPU
		Release|Any CPU = Release|Any CPU
	EndGlobalSection
	GlobalSection(ProjectConfigurationPlatforms) = postSolution
		{D09C89CB-F860-4AF0-A39C-C0F5A77576E4}.Debug|Any CPU.ActiveCfg = Debug|Any CPU
		{D09C89CB-F860-4AF0-A39C-C0F5A77576E4}.Debug|Any CPU.Build.0 = Debug|Any CPU
		{D09C89CB-F860-4AF0-A39C-C0F5A77576E4}.Release|Any CPU.ActiveCfg = Release|Any CPU
		{D09C89CB-F860-4AF0-A39C-C0F5A77576E4}.Release|Any CPU.Build.0 = Release|Any CPU
	EndGlobalSection
	GlobalSection(SolutionProperties) = preSolution
		HideSolutionNode = FALSE
	EndGlobalSection
	GlobalSection(ExtensibilityGlobals) = postSolution
		SolutionGuid = {A78ADFC4-4856-4F5F-BB5B-A4730A8BAB08}
	EndGlobalSection
EndGlobal
